
Microsoft Visual Studio Solution File, Format Version 12.00
# Visual Studio Version 16
VisualStudioVersion = 16.0.30330.147
MinimumVisualStudioVersion = 10.0.40219.1
Project("{2150E333-8FDC-42A3-9474-1A3956D46DE8}") = "MicroServices", "MicroServices", "{D26CF937-925F-4DA6-BE1F-9C8EDA488323}"
EndProject
Project("{2150E333-8FDC-42A3-9474-1A3956D46DE8}") = "Infra.Bus", "Infra.Bus", "{5C68B22D-0F94-4C5E-931C-369D7BDAAE75}"
EndProject
Project("{2150E333-8FDC-42A3-9474-1A3956D46DE8}") = "Infra.IoC", "Infra.IoC", "{67CA3760-5193-40D3-91E4-9209DCB2B822}"
EndProject
Project("{2150E333-8FDC-42A3-9474-1A3956D46DE8}") = "Domain", "Domain", "{42BCFB46-72EE-42D0-9063-6E965F04267A}"
EndProject
Project("{2150E333-8FDC-42A3-9474-1A3956D46DE8}") = "Presentation", "Presentation", "{411B462E-6AD8-4BD0-9179-FE982B451265}"
EndProject
Project("{9A19103F-16F7-4668-BE54-9A1E7A4F7556}") = "MicroRabbit.Domain.Core", "MicroRabbit.Domain.Core\MicroRabbit.Domain.Core.csproj", "{D57D37AB-7E7F-4952-BDE5-58B022903A05}"
EndProject
Project("{9A19103F-16F7-4668-BE54-9A1E7A4F7556}") = "MicroRabbit.Infra.Bus", "MicroRabbit.Infra.Bus\MicroRabbit.Infra.Bus.csproj", "{062D0CBB-3C2E-4F8B-BCB5-B805BC4E01F2}"
EndProject
Project("{9A19103F-16F7-4668-BE54-9A1E7A4F7556}") = "MicroRabbit.Infra.IoC", "MicroRabbit.Infra.IoC\MicroRabbit.Infra.IoC.csproj", "{19C3116B-D9F1-4326-A362-6F74CC73AC9F}"
EndProject
Project("{2150E333-8FDC-42A3-9474-1A3956D46DE8}") = "Banking", "Banking", "{F607A0DD-FCE0-4684-B524-0FF8FDED012D}"
EndProject
Project("{2150E333-8FDC-42A3-9474-1A3956D46DE8}") = "Api", "Api", "{DF8B375A-AADE-420C-AE45-AC00A30D1F8F}"
EndProject
Project("{2150E333-8FDC-42A3-9474-1A3956D46DE8}") = "Application", "Application", "{EEFBE1C7-B17B-49DE-AD08-39139C9D98E0}"
EndProject
Project("{2150E333-8FDC-42A3-9474-1A3956D46DE8}") = "Domain", "Domain", "{02A1DD7E-85FD-4D32-9355-7F8F290B8270}"
EndProject
Project("{2150E333-8FDC-42A3-9474-1A3956D46DE8}") = "Data", "Data", "{983A3BDF-ADBB-417E-9814-8F6794517F77}"
EndProject
Project("{9A19103F-16F7-4668-BE54-9A1E7A4F7556}") = "MicroRabbit.Banking.Api", "MicroRabbit.Banking.Api\MicroRabbit.Banking.Api.csproj", "{4949461F-15D4-4E35-8241-BDEE409483BB}"
EndProject
Project("{9A19103F-16F7-4668-BE54-9A1E7A4F7556}") = "MicroRabbit.Banking.Application", "MicroRabbit.Banking.Application\MicroRabbit.Banking.Application.csproj", "{CA42AD45-80A9-42BA-91C9-E9AA814E93B0}"
EndProject
Project("{9A19103F-16F7-4668-BE54-9A1E7A4F7556}") = "MicroRabbit.Banking.Data", "MicroRabbit.Banking.Data\MicroRabbit.Banking.Data.csproj", "{3A1ADF38-C2C5-4B48-80B4-C08CA57386D0}"
EndProject
Project("{9A19103F-16F7-4668-BE54-9A1E7A4F7556}") = "MicroRabbit.Banking.Domain", "MicroRabbit.Banking.Domain\MicroRabbit.Banking.Domain.csproj", "{458A7873-CB23-406B-80EA-376FB04F8DD3}"
EndProject
Project("{2150E333-8FDC-42A3-9474-1A3956D46DE8}") = "Transfer", "Transfer", "{3EF7A9F6-8076-41AE-B650-1D206A4006E3}"
EndProject
Project("{2150E333-8FDC-42A3-9474-1A3956D46DE8}") = "Api", "Api", "{F404EFC0-EDD0-438A-9C86-DAF36EDD94BD}"
EndProject
Project("{2150E333-8FDC-42A3-9474-1A3956D46DE8}") = "Application", "Application", "{045B4407-905C-4410-8900-9FB4035C2874}"
EndProject
Project("{2150E333-8FDC-42A3-9474-1A3956D46DE8}") = "Domain", "Domain", "{0654ABC0-0F23-4735-BF48-D0F13A8FCFB1}"
EndProject
Project("{2150E333-8FDC-42A3-9474-1A3956D46DE8}") = "Data", "Data", "{A6B634A8-657B-4A93-860A-5FE7D8DE5F30}"
EndProject
Project("{9A19103F-16F7-4668-BE54-9A1E7A4F7556}") = "MicroRabbit.Transfer.Api", "MicroRabbit.Transfer.Api\MicroRabbit.Transfer.Api.csproj", "{2EE7ABE5-ECA8-439D-90C3-11ABDD7CECAE}"
EndProject
Project("{9A19103F-16F7-4668-BE54-9A1E7A4F7556}") = "MicroRabbit.Transfer.Application", "MicroRabbit.Transfer.Application\MicroRabbit.Transfer.Application.csproj", "{FC47DDD3-D225-4350-A67E-76FD70B843AB}"
EndProject
Project("{9A19103F-16F7-4668-BE54-9A1E7A4F7556}") = "MicroRabbit.Transfer.Data", "MicroRabbit.Transfer.Data\MicroRabbit.Transfer.Data.csproj", "{D56A035B-623E-4E11-B991-99805456AA94}"
EndProject
Project("{9A19103F-16F7-4668-BE54-9A1E7A4F7556}") = "MicroRabbit.Transfer.Domain", "MicroRabbit.Transfer.Domain\MicroRabbit.Transfer.Domain.csproj", "{1A08BD0F-5461-498B-B093-E1DCE095628B}"
EndProject
Global
	GlobalSection(SolutionConfigurationPlatforms) = preSolution
		Debug|Any CPU = Debug|Any CPU
		Release|Any CPU = Release|Any CPU
	EndGlobalSection
	GlobalSection(ProjectConfigurationPlatforms) = postSolution
		{D57D37AB-7E7F-4952-BDE5-58B022903A05}.Debug|Any CPU.ActiveCfg = Debug|Any CPU
		{D57D37AB-7E7F-4952-BDE5-58B022903A05}.Debug|Any CPU.Build.0 = Debug|Any CPU
		{D57D37AB-7E7F-4952-BDE5-58B022903A05}.Release|Any CPU.ActiveCfg = Release|Any CPU
		{D57D37AB-7E7F-4952-BDE5-58B022903A05}.Release|Any CPU.Build.0 = Release|Any CPU
		{062D0CBB-3C2E-4F8B-BCB5-B805BC4E01F2}.Debug|Any CPU.ActiveCfg = Debug|Any CPU
		{062D0CBB-3C2E-4F8B-BCB5-B805BC4E01F2}.Debug|Any CPU.Build.0 = Debug|Any CPU
		{062D0CBB-3C2E-4F8B-BCB5-B805BC4E01F2}.Release|Any CPU.ActiveCfg = Release|Any CPU
		{062D0CBB-3C2E-4F8B-BCB5-B805BC4E01F2}.Release|Any CPU.Build.0 = Release|Any CPU
		{19C3116B-D9F1-4326-A362-6F74CC73AC9F}.Debug|Any CPU.ActiveCfg = Debug|Any CPU
		{19C3116B-D9F1-4326-A362-6F74CC73AC9F}.Debug|Any CPU.Build.0 = Debug|Any CPU
		{19C3116B-D9F1-4326-A362-6F74CC73AC9F}.Release|Any CPU.ActiveCfg = Release|Any CPU
		{19C3116B-D9F1-4326-A362-6F74CC73AC9F}.Release|Any CPU.Build.0 = Release|Any CPU
		{4949461F-15D4-4E35-8241-BDEE409483BB}.Debug|Any CPU.ActiveCfg = Debug|Any CPU
		{4949461F-15D4-4E35-8241-BDEE409483BB}.Debug|Any CPU.Build.0 = Debug|Any CPU
		{4949461F-15D4-4E35-8241-BDEE409483BB}.Release|Any CPU.ActiveCfg = Release|Any CPU
		{4949461F-15D4-4E35-8241-BDEE409483BB}.Release|Any CPU.Build.0 = Release|Any CPU
		{CA42AD45-80A9-42BA-91C9-E9AA814E93B0}.Debug|Any CPU.ActiveCfg = Debug|Any CPU
		{CA42AD45-80A9-42BA-91C9-E9AA814E93B0}.Debug|Any CPU.Build.0 = Debug|Any CPU
		{CA42AD45-80A9-42BA-91C9-E9AA814E93B0}.Release|Any CPU.ActiveCfg = Release|Any CPU
		{CA42AD45-80A9-42BA-91C9-E9AA814E93B0}.Release|Any CPU.Build.0 = Release|Any CPU
		{3A1ADF38-C2C5-4B48-80B4-C08CA57386D0}.Debug|Any CPU.ActiveCfg = Debug|Any CPU
		{3A1ADF38-C2C5-4B48-80B4-C08CA57386D0}.Debug|Any CPU.Build.0 = Debug|Any CPU
		{3A1ADF38-C2C5-4B48-80B4-C08CA57386D0}.Release|Any CPU.ActiveCfg = Release|Any CPU
		{3A1ADF38-C2C5-4B48-80B4-C08CA57386D0}.Release|Any CPU.Build.0 = Release|Any CPU
		{458A7873-CB23-406B-80EA-376FB04F8DD3}.Debug|Any CPU.ActiveCfg = Debug|Any CPU
		{458A7873-CB23-406B-80EA-376FB04F8DD3}.Debug|Any CPU.Build.0 = Debug|Any CPU
		{458A7873-CB23-406B-80EA-376FB04F8DD3}.Release|Any CPU.ActiveCfg = Release|Any CPU
		{458A7873-CB23-406B-80EA-376FB04F8DD3}.Release|Any CPU.Build.0 = Release|Any CPU
		{2EE7ABE5-ECA8-439D-90C3-11ABDD7CECAE}.Debug|Any CPU.ActiveCfg = Debug|Any CPU
		{2EE7ABE5-ECA8-439D-90C3-11ABDD7CECAE}.Debug|Any CPU.Build.0 = Debug|Any CPU
		{2EE7ABE5-ECA8-439D-90C3-11ABDD7CECAE}.Release|Any CPU.ActiveCfg = Release|Any CPU
		{2EE7ABE5-ECA8-439D-90C3-11ABDD7CECAE}.Release|Any CPU.Build.0 = Release|Any CPU
		{FC47DDD3-D225-4350-A67E-76FD70B843AB}.Debug|Any CPU.ActiveCfg = Debug|Any CPU
		{FC47DDD3-D225-4350-A67E-76FD70B843AB}.Debug|Any CPU.Build.0 = Debug|Any CPU
		{FC47DDD3-D225-4350-A67E-76FD70B843AB}.Release|Any CPU.ActiveCfg = Release|Any CPU
		{FC47DDD3-D225-4350-A67E-76FD70B843AB}.Release|Any CPU.Build.0 = Release|Any CPU
		{D56A035B-623E-4E11-B991-99805456AA94}.Debug|Any CPU.ActiveCfg = Debug|Any CPU
		{D56A035B-623E-4E11-B991-99805456AA94}.Debug|Any CPU.Build.0 = Debug|Any CPU
		{D56A035B-623E-4E11-B991-99805456AA94}.Release|Any CPU.ActiveCfg = Release|Any CPU
		{D56A035B-623E-4E11-B991-99805456AA94}.Release|Any CPU.Build.0 = Release|Any CPU
		{1A08BD0F-5461-498B-B093-E1DCE095628B}.Debug|Any CPU.ActiveCfg = Debug|Any CPU
		{1A08BD0F-5461-498B-B093-E1DCE095628B}.Debug|Any CPU.Build.0 = Debug|Any CPU
		{1A08BD0F-5461-498B-B093-E1DCE095628B}.Release|Any CPU.ActiveCfg = Release|Any CPU
		{1A08BD0F-5461-498B-B093-E1DCE095628B}.Release|Any CPU.Build.0 = Release|Any CPU
	EndGlobalSection
	GlobalSection(SolutionProperties) = preSolution
		HideSolutionNode = FALSE
	EndGlobalSection
	GlobalSection(NestedProjects) = preSolution
		{D57D37AB-7E7F-4952-BDE5-58B022903A05} = {42BCFB46-72EE-42D0-9063-6E965F04267A}
		{062D0CBB-3C2E-4F8B-BCB5-B805BC4E01F2} = {5C68B22D-0F94-4C5E-931C-369D7BDAAE75}
		{19C3116B-D9F1-4326-A362-6F74CC73AC9F} = {67CA3760-5193-40D3-91E4-9209DCB2B822}
		{F607A0DD-FCE0-4684-B524-0FF8FDED012D} = {D26CF937-925F-4DA6-BE1F-9C8EDA488323}
		{DF8B375A-AADE-420C-AE45-AC00A30D1F8F} = {F607A0DD-FCE0-4684-B524-0FF8FDED012D}
		{EEFBE1C7-B17B-49DE-AD08-39139C9D98E0} = {F607A0DD-FCE0-4684-B524-0FF8FDED012D}
		{02A1DD7E-85FD-4D32-9355-7F8F290B8270} = {F607A0DD-FCE0-4684-B524-0FF8FDED012D}
		{983A3BDF-ADBB-417E-9814-8F6794517F77} = {F607A0DD-FCE0-4684-B524-0FF8FDED012D}
		{4949461F-15D4-4E35-8241-BDEE409483BB} = {DF8B375A-AADE-420C-AE45-AC00A30D1F8F}
		{CA42AD45-80A9-42BA-91C9-E9AA814E93B0} = {EEFBE1C7-B17B-49DE-AD08-39139C9D98E0}
		{3A1ADF38-C2C5-4B48-80B4-C08CA57386D0} = {983A3BDF-ADBB-417E-9814-8F6794517F77}
		{458A7873-CB23-406B-80EA-376FB04F8DD3} = {02A1DD7E-85FD-4D32-9355-7F8F290B8270}
		{3EF7A9F6-8076-41AE-B650-1D206A4006E3} = {D26CF937-925F-4DA6-BE1F-9C8EDA488323}
		{F404EFC0-EDD0-438A-9C86-DAF36EDD94BD} = {3EF7A9F6-8076-41AE-B650-1D206A4006E3}
		{045B4407-905C-4410-8900-9FB4035C2874} = {3EF7A9F6-8076-41AE-B650-1D206A4006E3}
		{0654ABC0-0F23-4735-BF48-D0F13A8FCFB1} = {3EF7A9F6-8076-41AE-B650-1D206A4006E3}
		{A6B634A8-657B-4A93-860A-5FE7D8DE5F30} = {3EF7A9F6-8076-41AE-B650-1D206A4006E3}
		{2EE7ABE5-ECA8-439D-90C3-11ABDD7CECAE} = {F404EFC0-EDD0-438A-9C86-DAF36EDD94BD}
		{FC47DDD3-D225-4350-A67E-76FD70B843AB} = {045B4407-905C-4410-8900-9FB4035C2874}
		{D56A035B-623E-4E11-B991-99805456AA94} = {A6B634A8-657B-4A93-860A-5FE7D8DE5F30}
		{1A08BD0F-5461-498B-B093-E1DCE095628B} = {0654ABC0-0F23-4735-BF48-D0F13A8FCFB1}
	EndGlobalSection
	GlobalSection(ExtensibilityGlobals) = postSolution
		SolutionGuid = {96EA06CE-F574-4BB7-8BC5-2C61E4CB0681}
	EndGlobalSection
EndGlobal
